# THIS IS AN AUTOGENERATED FILE. DO NOT EDIT THIS FILE DIRECTLY.
# yarn lockfile v1


"@primer/primitives@^4.2.0":
  version "4.2.0"
  resolved "https://registry.yarnpkg.com/@primer/primitives/-/primitives-4.2.0.tgz#a54d052bd8b8fcc0a2f5029f44a192939f87f09f"
  integrity sha512-/2/9ueCWWzqaLRSJ3TNGthMVX8DBn/oa+ZY9eB/TmxUPglXd8AQMxV2wz+pAoy8SpXXwe84JuEgHTAghzAOh0w==
